
Microsoft Visual Studio Solution File, Format Version 12.00
# Visual Studio Version 17
VisualStudioVersion = 17.8.34511.84
MinimumVisualStudioVersion = 10.0.40219.1
Project("{FAE04EC0-301F-11D3-BF4B-00C04F79EFBC}") = "MvcMovie", "MvcMovie.csproj", "{C3C57658-0F05-443D-93B9-ABC176652558}"
EndProject
Global
	GlobalSection(SolutionConfigurationPlatforms) = preSolution
		Debug|Any CPU = Debug|Any CPU
		Release|Any CPU = Release|Any CPU
	EndGlobalSection
	GlobalSection(ProjectConfigurationPlatforms) = postSolution
		{C3C57658-0F05-443D-93B9-ABC176652558}.Debug|Any CPU.ActiveCfg = Debug|Any CPU
		{C3C57658-0F05-443D-93B9-ABC176652558}.Debug|Any CPU.Build.0 = Debug|Any CPU
		{C3C57658-0F05-443D-93B9-ABC176652558}.Release|Any CPU.ActiveCfg = Release|Any CPU
		{C3C57658-0F05-443D-93B9-ABC176652558}.Release|Any CPU.Build.0 = Release|Any CPU
	EndGlobalSection
	GlobalSection(SolutionProperties) = preSolution
		HideSolutionNode = FALSE
	EndGlobalSection
	GlobalSection(ExtensibilityGlobals) = postSolution
		SolutionGuid = {733BD6B1-4236-4741-AA8C-EDD6C11D1F05}
	EndGlobalSection
EndGlobal
